
Microsoft Visual Studio Solution File, Format Version 12.00
# Visual Studio Version 17
VisualStudioVersion = 17.11.35222.181
MinimumVisualStudioVersion = 10.0.40219.1
Project("{F14B399A-7131-4C87-9E4B-1186C45EF12D}") = "Report Project", "Report Project\Report Project.rptproj", "{58A27B97-A80C-45A4-A438-52967D07A0FC}"
EndProject
Global
	GlobalSection(SolutionConfigurationPlatforms) = preSolution
		Debug|Default = Debug|Default
		DebugLocal|Default = DebugLocal|Default
		Release|Default = Release|Default
	EndGlobalSection
	GlobalSection(ProjectConfigurationPlatforms) = postSolution
		{58A27B97-A80C-45A4-A438-52967D07A0FC}.Debug|Default.ActiveCfg = Debug
		{58A27B97-A80C-45A4-A438-52967D07A0FC}.Debug|Default.Build.0 = Debug
		{58A27B97-A80C-45A4-A438-52967D07A0FC}.Debug|Default.Deploy.0 = Debug
		{58A27B97-A80C-45A4-A438-52967D07A0FC}.DebugLocal|Default.ActiveCfg = DebugLocal
		{58A27B97-A80C-45A4-A438-52967D07A0FC}.DebugLocal|Default.Build.0 = DebugLocal
		{58A27B97-A80C-45A4-A438-52967D07A0FC}.Release|Default.ActiveCfg = Release
		{58A27B97-A80C-45A4-A438-52967D07A0FC}.Release|Default.Build.0 = Release
		{58A27B97-A80C-45A4-A438-52967D07A0FC}.Release|Default.Deploy.0 = Release
	EndGlobalSection
	GlobalSection(SolutionProperties) = preSolution
		HideSolutionNode = FALSE
	EndGlobalSection
	GlobalSection(ExtensibilityGlobals) = postSolution
		SolutionGuid = {D41F0A25-BF7A-4EB4-B353-4056003CBBC0}
	EndGlobalSection
EndGlobal
